PODS:
  - CruxPay (0.0.1):
    - CryptoSwift (= 0.15.0)
  - CryptoSwift (0.15.0)

DEPENDENCIES:
  - CruxPay (from `/Users/Sanchay/Work/iOS/CruxPay`)

SPEC REPOS:
  trunk:
    - CryptoSwift

EXTERNAL SOURCES:
  CruxPay:
    :path: "/Users/Sanchay/Work/iOS/CruxPay"

SPEC CHECKSUMS:
  CruxPay: 1ece1844fa17441b7af890b4badd574524edc4cd
  CryptoSwift: 769f58a9e89f64e8796c2e59ce5f002dc81a2438

PODFILE CHECKSUM: 4ddda0f478aed3e22b8971edc2cf1bd960f0cc7e

COCOAPODS: 1.8.4
